{
  "name": "frida-syscall-interceptor",
  "version": "1.0.0",
  "lockfileVersion": 1,
  "requires": true,
  "dependencies": {
    "@types/frida-gum": {
      "version": "14.5.0",
      "resolved": "https://registry.npmjs.org/@types/frida-gum/-/frida-gum-14.5.0.tgz",
      "integrity": "sha512-eMJ9Nvo+QoA+K//0+qByBgkWnnyrzmfz/Z0+hCUEmrXn6wGc5FCHfjARXP8fu1SH3WEPWTvXzOUJqmhfv96GNg==",
      "dev": true
    },
    "@types/node": {
      "version": "13.1.1",
      "resolved": "https://registry.npmjs.org/@types/node/-/node-13.1.1.tgz",
      "integrity": "sha512-hx6zWtudh3Arsbl3cXay+JnkvVgCKzCWKv42C9J01N2T2np4h8w5X8u6Tpz5mj38kE3M9FM0Pazx8vKFFMnjLQ==",
      "dev": true
    },
    "typescript": {
      "version": "3.7.4",
      "resolved": "https://registry.npmjs.org/typescript/-/typescript-3.7.4.tgz",
      "integrity": "sha512-A25xv5XCtarLwXpcDNZzCGvW2D1S3/bACratYBx2sax8PefsFhlYmkQicKHvpYflFS8if4zne5zT5kpJ7pzuvw==",
      "dev": true
    }
  }
}
